
Microsoft Visual Studio Solution File, Format Version 12.00
# Visual Studio Version 17
VisualStudioVersion = 17.0.32014.148
MinimumVisualStudioVersion = 10.0.40219.1
Project("{8BC9CEB8-8B4A-11D0-8D11-00A0C91BC942}") = "dice", "dice\dice.vcxproj", "{5EA2FBFC-E55E-4F5A-8A7E-05936DBE07A9}"
EndProject
Global
	GlobalSection(SolutionConfigurationPlatforms) = preSolution
		Debug|x64 = Debug|x64
		Debug|x86 = Debug|x86
		Release|x64 = Release|x64
		Release|x86 = Release|x86
	EndGlobalSection
	GlobalSection(ProjectConfigurationPlatforms) = postSolution
		{5EA2FBFC-E55E-4F5A-8A7E-05936DBE07A9}.Debug|x64.ActiveCfg = Debug|x64
		{5EA2FBFC-E55E-4F5A-8A7E-05936DBE07A9}.Debug|x64.Build.0 = Debug|x64
		{5EA2FBFC-E55E-4F5A-8A7E-05936DBE07A9}.Debug|x86.ActiveCfg = Debug|Win32
		{5EA2FBFC-E55E-4F5A-8A7E-05936DBE07A9}.Debug|x86.Build.0 = Debug|Win32
		{5EA2FBFC-E55E-4F5A-8A7E-05936DBE07A9}.Release|x64.ActiveCfg = Release|x64
		{5EA2FBFC-E55E-4F5A-8A7E-05936DBE07A9}.Release|x64.Build.0 = Release|x64
		{5EA2FBFC-E55E-4F5A-8A7E-05936DBE07A9}.Release|x86.ActiveCfg = Release|Win32
		{5EA2FBFC-E55E-4F5A-8A7E-05936DBE07A9}.Release|x86.Build.0 = Release|Win32
	EndGlobalSection
	GlobalSection(SolutionProperties) = preSolution
		HideSolutionNode = FALSE
	EndGlobalSection
	GlobalSection(ExtensibilityGlobals) = postSolution
		SolutionGuid = {448B25C5-1E2A-45C9-9E67-E2EDE4DD6735}
	EndGlobalSection
EndGlobal
